// !$*UTF8*$!
{
	archiveVersion = 1;
	classes = {
	};
	objectVersion = 55;
	objects = {

/* Begin PBXBuildFile section */
		1361822228BD98350092E2B2 /* AppDelegate.swift in Sources */ = {isa = PBXBuildFile; fileRef = 1361822128BD98350092E2B2 /* AppDelegate.swift */; };
		1361822428BD98350092E2B2 /* SceneDelegate.swift in Sources */ = {isa = PBXBuildFile; fileRef = 1361822328BD98350092E2B2 /* SceneDelegate.swift */; };
		1361822628BD98350092E2B2 /* ViewController.swift in Sources */ = {isa = PBXBuildFile; fileRef = 1361822528BD98350092E2B2 /* ViewController.swift */; };
		1361822928BD98350092E2B2 /* Main.storyboard in Resources */ = {isa = PBXBuildFile; fileRef = 1361822728BD98350092E2B2 /* Main.storyboard */; };
		1361822B28BD98360092E2B2 /* Assets.xcassets in Resources */ = {isa = PBXBuildFile; fileRef = 1361822A28BD98360092E2B2 /* Assets.xcassets */; };
		1361822E28BD98360092E2B2 /* LaunchScreen.storyboard in Resources */ = {isa = PBXBuildFile; fileRef = 1361822C28BD98360092E2B2 /* LaunchScreen.storyboard */; };
		1361823928BD98360092E2B2 /* udderrTests.swift in Sources */ = {isa = PBXBuildFile; fileRef = 1361823828BD98360092E2B2 /* udderrTests.swift */; };
		1361824328BD98360092E2B2 /* udderrUITests.swift in Sources */ = {isa = PBXBuildFile; fileRef = 1361824228BD98360092E2B2 /* udderrUITests.swift */; };
		1361824528BD98360092E2B2 /* udderrUITestsLaunchTests.swift in Sources */ = {isa = PBXBuildFile; fileRef = 1361824428BD98360092E2B2 /* udderrUITestsLaunchTests.swift */; };
/* End PBXBuildFile section */

/* Begin PBXContainerItemProxy section */
		1361823528BD98360092E2B2 /* PBXContainerItemProxy */ = {
			isa = PBXContainerItemProxy;
			containerPortal = 1361821628BD98350092E2B2 /* Project object */;
			proxyType = 1;
			remoteGlobalIDString = 1361821D28BD98350092E2B2;
			remoteInfo = udderr;
		};
		1361823F28BD98360092E2B2 /* PBXContainerItemProxy */ = {
			isa = PBXContainerItemProxy;
			containerPortal = 1361821628BD98350092E2B2 /* Project object */;
			proxyType = 1;
			remoteGlobalIDString = 1361821D28BD98350092E2B2;
			remoteInfo = udderr;
		};
/* End PBXContainerItemProxy section */

/* Begin PBXFileReference section */
		1361821E28BD98350092E2B2 /* udderr.app */ = {isa = PBXFileReference; explicitFileType = wrapper.application; includeInIndex = 0; path = udderr.app; sourceTree = BUILT_PRODUCTS_DIR; };
		1361822128BD98350092E2B2 /* AppDelegate.swift */ = {isa = PBXFileReference; lastKnownFileType = sourcecode.swift; path = AppDelegate.swift; sourceTree = "<group>"; };
		1361822328BD98350092E2B2 /* SceneDelegate.swift */ = {isa = PBXFileReference; lastKnownFileType = sourcecode.swift; path = SceneDelegate.swift; sourceTree = "<group>"; };
		1361822528BD98350092E2B2 /* ViewController.swift */ = {isa = PBXFileReference; lastKnownFileType = sourcecode.swift; path = ViewController.swift; sourceTree = "<group>"; };
		1361822828BD98350092E2B2 /* Base */ = {isa = PBXFileReference; lastKnownFileType = file.storyboard; name = Base; path = Base.lproj/Main.storyboard; sourceTree = "<group>"; };
		1361822A28BD98360092E2B2 /* Assets.xcassets */ = {isa = PBXFileReference; lastKnownFileType = folder.assetcatalog; path = Assets.xcassets; sourceTree = "<group>"; };
		1361822D28BD98360092E2B2 /* Base */ = {isa = PBXFileReference; lastKnownFileType = file.storyboard; name = Base; path = Base.lproj/LaunchScreen.storyboard; sourceTree = "<group>"; };
		1361822F28BD98360092E2B2 /* Info.plist */ = {isa = PBXFileReference; lastKnownFileType = text.plist.xml; path = Info.plist; sourceTree = "<group>"; };
		1361823428BD98360092E2B2 /* udderrTests.xctest */ = {isa = PBXFileReference; explicitFileType = wrapper.cfbundle; includeInIndex = 0; path = udderrTests.xctest; sourceTree = BUILT_PRODUCTS_DIR; };
		1361823828BD98360092E2B2 /* udderrTests.swift */ = {isa = PBXFileReference; lastKnownFileType = sourcecode.swift; path = udderrTests.swift; sourceTree = "<group>"; };
		1361823E28BD98360092E2B2 /* udderrUITests.xctest */ = {isa = PBXFileReference; explicitFileType = wrapper.cfbundle; includeInIndex = 0; path = udderrUITests.xctest; sourceTree = BUILT_PRODUCTS_DIR; };
		1361824228BD98360092E2B2 /* udderrUITests.swift */ = {isa = PBXFileReference; lastKnownFileType = sourcecode.swift; path = udderrUITests.swift; sourceTree = "<group>"; };
		1361824428BD98360092E2B2 /* udderrUITestsLaunchTests.swift */ = {isa = PBXFileReference; lastKnownFileType = sourcecode.swift; path = udderrUITestsLaunchTests.swift; sourceTree = "<group>"; };
/* End PBXFileReference section */

/* Begin PBXFrameworksBuildPhase section */
		1361821B28BD98350092E2B2 /* Frameworks */ = {
			isa = PBXFrameworksBuildPhase;
			buildActionMask = 2147483647;
			files = (
			);
			runOnlyForDeploymentPostprocessing = 0;
		};
		1361823128BD98360092E2B2 /* Frameworks */ = {
			isa = PBXFrameworksBuildPhase;
			buildActionMask = 2147483647;
			files = (
			);
			runOnlyForDeploymentPostprocessing = 0;
		};
		1361823B28BD98360092E2B2 /* Frameworks */ = {
			isa = PBXFrameworksBuildPhase;
			buildActionMask = 2147483647;
			files = (
			);
			runOnlyForDeploymentPostprocessing = 0;
		};
/* End PBXFrameworksBuildPhase section */

/* Begin PBXGroup section */
		1361821528BD98350092E2B2 = {
			isa = PBXGroup;
			children = (
				1361822028BD98350092E2B2 /* udderr */,
				1361823728BD98360092E2B2 /* udderrTests */,
				1361824128BD98360092E2B2 /* udderrUITests */,
				1361821F28BD98350092E2B2 /* Products */,
			);
			sourceTree = "<group>";
		};
		1361821F28BD98350092E2B2 /* Products */ = {
			isa = PBXGroup;
			children = (
				1361821E28BD98350092E2B2 /* udderr.app */,
				1361823428BD98360092E2B2 /* udderrTests.xctest */,
				1361823E28BD98360092E2B2 /* udderrUITests.xctest */,
			);
			name = Products;
			sourceTree = "<group>";
		};
		1361822028BD98350092E2B2 /* udderr */ = {
			isa = PBXGroup;
			children = (
				1361822128BD98350092E2B2 /* AppDelegate.swift */,
				1361822328BD98350092E2B2 /* SceneDelegate.swift */,
				1361822528BD98350092E2B2 /* ViewController.swift */,
				1361822728BD98350092E2B2 /* Main.storyboard */,
				1361822A28BD98360092E2B2 /* Assets.xcassets */,
				1361822C28BD98360092E2B2 /* LaunchScreen.storyboard */,
				1361822F28BD98360092E2B2 /* Info.plist */,
			);
			path = udderr;
			sourceTree = "<group>";
		};
		1361823728BD98360092E2B2 /* udderrTests */ = {
			isa = PBXGroup;
			children = (
				1361823828BD98360092E2B2 /* udderrTests.swift */,
			);
			path = udderrTests;
			sourceTree = "<group>";
		};
		1361824128BD98360092E2B2 /* udderrUITests */ = {
			isa = PBXGroup;
			children = (
				1361824228BD98360092E2B2 /* udderrUITests.swift */,
				1361824428BD98360092E2B2 /* udderrUITestsLaunchTests.swift */,
			);
			path = udderrUITests;
			sourceTree = "<group>";
		};
/* End PBXGroup section */

/* Begin PBXNativeTarget section */
		1361821D28BD98350092E2B2 /* udderr */ = {
			isa = PBXNativeTarget;
			buildConfigurationList = 1361824828BD98360092E2B2 /* Build configuration list for PBXNativeTarget "udderr" */;
			buildPhases = (
				1361821A28BD98350092E2B2 /* Sources */,
				1361821B28BD98350092E2B2 /* Frameworks */,
				1361821C28BD98350092E2B2 /* Resources */,
			);
			buildRules = (
			);
			dependencies = (
			);
			name = udderr;
			productName = udderr;
			productReference = 1361821E28BD98350092E2B2 /* udderr.app */;
			productType = "com.apple.product-type.application";
		};
		1361823328BD98360092E2B2 /* udderrTests */ = {
			isa = PBXNativeTarget;
			buildConfigurationList = 1361824B28BD98360092E2B2 /* Build configuration list for PBXNativeTarget "udderrTests" */;
			buildPhases = (
				1361823028BD98360092E2B2 /* Sources */,
				1361823128BD98360092E2B2 /* Frameworks */,
				1361823228BD98360092E2B2 /* Resources */,
			);
			buildRules = (
			);
			dependencies = (
				1361823628BD98360092E2B2 /* PBXTargetDependency */,
			);
			name = udderrTests;
			productName = udderrTests;
			productReference = 1361823428BD98360092E2B2 /* udderrTests.xctest */;
			productType = "com.apple.product-type.bundle.unit-test";
		};
		1361823D28BD98360092E2B2 /* udderrUITests */ = {
			isa = PBXNativeTarget;
			buildConfigurationList = 1361824E28BD98360092E2B2 /* Build configuration list for PBXNativeTarget "udderrUITests" */;
			buildPhases = (
				1361823A28BD98360092E2B2 /* Sources */,
				1361823B28BD98360092E2B2 /* Frameworks */,
				1361823C28BD98360092E2B2 /* Resources */,
			);
			buildRules = (
			);
			dependencies = (
				1361824028BD98360092E2B2 /* PBXTargetDependency */,
			);
			name = udderrUITests;
			productName = udderrUITests;
			productReference = 1361823E28BD98360092E2B2 /* udderrUITests.xctest */;
			productType = "com.apple.product-type.bundle.ui-testing";
		};
/* End PBXNativeTarget section */

/* Begin PBXProject section */
		1361821628BD98350092E2B2 /* Project object */ = {
			isa = PBXProject;
			attributes = {
				BuildIndependentTargetsInParallel = 1;
				LastSwiftUpdateCheck = 1340;
				LastUpgradeCheck = 1340;
				TargetAttributes = {
					1361821D28BD98350092E2B2 = {
						CreatedOnToolsVersion = 13.4.1;
					};
					1361823328BD98360092E2B2 = {
						CreatedOnToolsVersion = 13.4.1;
						TestTargetID = 1361821D28BD98350092E2B2;
					};
					1361823D28BD98360092E2B2 = {
						CreatedOnToolsVersion = 13.4.1;
						TestTargetID = 1361821D28BD98350092E2B2;
					};
				};
			};
			buildConfigurationList = 1361821928BD98350092E2B2 /* Build configuration list for PBXProject "udderr" */;
			compatibilityVersion = "Xcode 13.0";
			developmentRegion = en;
			hasScannedForEncodings = 0;
			knownRegions = (
				en,
				Base,
			);
			mainGroup = 1361821528BD98350092E2B2;
			productRefGroup = 1361821F28BD98350092E2B2 /* Products */;
			projectDirPath = "";
			projectRoot = "";
			targets = (
				1361821D28BD98350092E2B2 /* udderr */,
				1361823328BD98360092E2B2 /* udderrTests */,
				1361823D28BD98360092E2B2 /* udderrUITests */,
			);
		};
/* End PBXProject section */

/* Begin PBXResourcesBuildPhase section */
		1361821C28BD98350092E2B2 /* Resources */ = {
			isa = PBXResourcesBuildPhase;
			buildActionMask = 2147483647;
			files = (
				1361822E28BD98360092E2B2 /* LaunchScreen.storyboard in Resources */,
				1361822B28BD98360092E2B2 /* Assets.xcassets in Resources */,
				1361822928BD98350092E2B2 /* Main.storyboard in Resources */,
			);
			runOnlyForDeploymentPostprocessing = 0;
		};
		1361823228BD98360092E2B2 /* Resources */ = {
			isa = PBXResourcesBuildPhase;
			buildActionMask = 2147483647;
			files = (
			);
			runOnlyForDeploymentPostprocessing = 0;
		};
		1361823C28BD98360092E2B2 /* Resources */ = {
			isa = PBXResourcesBuildPhase;
			buildActionMask = 2147483647;
			files = (
			);
			runOnlyForDeploymentPostprocessing = 0;
		};
/* End PBXResourcesBuildPhase section */

/* Begin PBXSourcesBuildPhase section */
		1361821A28BD98350092E2B2 /* Sources */ = {
			isa = PBXSourcesBuildPhase;
			buildActionMask = 2147483647;
			files = (
				1361822628BD98350092E2B2 /* ViewController.swift in Sources */,
				1361822228BD98350092E2B2 /* AppDelegate.swift in Sources */,
				1361822428BD98350092E2B2 /* SceneDelegate.swift in Sources */,
			);
			runOnlyForDeploymentPostprocessing = 0;
		};
		1361823028BD98360092E2B2 /* Sources */ = {
			isa = PBXSourcesBuildPhase;
			buildActionMask = 2147483647;
			files = (
				1361823928BD98360092E2B2 /* udderrTests.swift in Sources */,
			);
			runOnlyForDeploymentPostprocessing = 0;
		};
		1361823A28BD98360092E2B2 /* Sources */ = {
			isa = PBXSourcesBuildPhase;
			buildActionMask = 2147483647;
			files = (
				1361824528BD98360092E2B2 /* udderrUITestsLaunchTests.swift in Sources */,
				1361824328BD98360092E2B2 /* udderrUITests.swift in Sources */,
			);
			runOnlyForDeploymentPostprocessing = 0;
		};
/* End PBXSourcesBuildPhase section */

/* Begin PBXTargetDependency section */
		1361823628BD98360092E2B2 /* PBXTargetDependency */ = {
			isa = PBXTargetDependency;
			target = 1361821D28BD98350092E2B2 /* udderr */;
			targetProxy = 1361823528BD98360092E2B2 /* PBXContainerItemProxy */;
		};
		1361824028BD98360092E2B2 /* PBXTargetDependency */ = {
			isa = PBXTargetDependency;
			target = 1361821D28BD98350092E2B2 /* udderr */;
			targetProxy = 1361823F28BD98360092E2B2 /* PBXContainerItemProxy */;
		};
/* End PBXTargetDependency section */

/* Begin PBXVariantGroup section */
		1361822728BD98350092E2B2 /* Main.storyboard */ = {
			isa = PBXVariantGroup;
			children = (
				1361822828BD98350092E2B2 /* Base */,
			);
			name = Main.storyboard;
			sourceTree = "<group>";
		};
		1361822C28BD98360092E2B2 /* LaunchScreen.storyboard */ = {
			isa = PBXVariantGroup;
			children = (
				1361822D28BD98360092E2B2 /* Base */,
			);
			name = LaunchScreen.storyboard;
			sourceTree = "<group>";
		};
/* End PBXVariantGroup section */

/* Begin XCBuildConfiguration section */
		1361824628BD98360092E2B2 /* Debug */ = {
			isa = XCBuildConfiguration;
			buildSettings = {
				ALWAYS_SEARCH_USER_PATHS = NO;
				CLANG_ANALYZER_NONNULL = YES;
				CLANG_ANALYZER_NUMBER_OBJECT_CONVERSION = YES_AGGRESSIVE;
				CLANG_CXX_LANGUAGE_STANDARD = "gnu++17";
				CLANG_ENABLE_MODULES = YES;
				CLANG_ENABLE_OBJC_ARC = YES;
				CLANG_ENABLE_OBJC_WEAK = YES;
				CLANG_WARN_BLOCK_CAPTURE_AUTORELEASING = YES;
				CLANG_WARN_BOOL_CONVERSION = YES;
				CLANG_WARN_COMMA = YES;
				CLANG_WARN_CONSTANT_CONVERSION = YES;
				CLANG_WARN_DEPRECATED_OBJC_IMPLEMENTATIONS = YES;
				CLANG_WARN_DIRECT_OBJC_ISA_USAGE = YES_ERROR;
				CLANG_WARN_DOCUMENTATION_COMMENTS = YES;
				CLANG_WARN_EMPTY_BODY = YES;
				CLANG_WARN_ENUM_CONVERSION = YES;
				CLANG_WARN_INFINITE_RECURSION = YES;
				CLANG_WARN_INT_CONVERSION = YES;
				CLANG_WARN_NON_LITERAL_NULL_CONVERSION = YES;
				CLANG_WARN_OBJC_IMPLICIT_RETAIN_SELF = YES;
				CLANG_WARN_OBJC_LITERAL_CONVERSION = YES;
				CLANG_WARN_OBJC_ROOT_CLASS = YES_ERROR;
				CLANG_WARN_QUOTED_INCLUDE_IN_FRAMEWORK_HEADER = YES;
				CLANG_WARN_RANGE_LOOP_ANALYSIS = YES;
				CLANG_WARN_STRICT_PROTOTYPES = YES;
				CLANG_WARN_SUSPICIOUS_MOVE = YES;
				CLANG_WARN_UNGUARDED_AVAILABILITY = YES_AGGRESSIVE;
				CLANG_WARN_UNREACHABLE_CODE = YES;
				CLANG_WARN__DUPLICATE_METHOD_MATCH = YES;
				COPY_PHASE_STRIP = NO;
				DEBUG_INFORMATION_FORMAT = dwarf;
				ENABLE_STRICT_OBJC_MSGSEND = YES;
				ENABLE_TESTABILITY = YES;
				GCC_C_LANGUAGE_STANDARD = gnu11;
				GCC_DYNAMIC_NO_PIC = NO;
				GCC_NO_COMMON_BLOCKS = YES;
				GCC_OPTIMIZATION_LEVEL = 0;
				GCC_PREPROCESSOR_DEFINITIONS = (
					"DEBUG=1",
					"$(inherited)",
				);
				GCC_WARN_64_TO_32_BIT_CONVERSION = YES;
				GCC_WARN_ABOUT_RETURN_TYPE = YES_ERROR;
				GCC_WARN_UNDECLARED_SELECTOR = YES;
				GCC_WARN_UNINITIALIZED_AUTOS = YES_AGGRESSIVE;
				GCC_WARN_UNUSED_FUNCTION = YES;
				GCC_WARN_UNUSED_VARIABLE = YES;
				IPHONEOS_DEPLOYMENT_TARGET = 15.5;
				MTL_ENABLE_DEBUG_INFO = INCLUDE_SOURCE;
				MTL_FAST_MATH = YES;
				ONLY_ACTIVE_ARCH = YES;
				SDKROOT = iphoneos;
				SWIFT_ACTIVE_COMPILATION_CONDITIONS = DEBUG;
				SWIFT_OPTIMIZATION_LEVEL = "-Onone";
			};
			name = Debug;
		};
		1361824728BD98360092E2B2 /* Release */ = {
			isa = XCBuildConfiguration;
			buildSettings = {
				ALWAYS_SEARCH_USER_PATHS = NO;
				CLANG_ANALYZER_NONNULL = YES;
				CLANG_ANALYZER_NUMBER_OBJECT_CONVERSION = YES_AGGRESSIVE;
				CLANG_CXX_LANGUAGE_STANDARD = "gnu++17";
				CLANG_ENABLE_MODULES = YES;
				CLANG_ENABLE_OBJC_ARC = YES;
				CLANG_ENABLE_OBJC_WEAK = YES;
				CLANG_WARN_BLOCK_CAPTURE_AUTORELEASING = YES;
				CLANG_WARN_BOOL_CONVERSION = YES;
				CLANG_WARN_COMMA = YES;
				CLANG_WARN_CONSTANT_CONVERSION = YES;
				CLANG_WARN_DEPRECATED_OBJC_IMPLEMENTATIONS = YES;
				CLANG_WARN_DIRECT_OBJC_ISA_USAGE = YES_ERROR;
				CLANG_WARN_DOCUMENTATION_COMMENTS = YES;
				CLANG_WARN_EMPTY_BODY = YES;
				CLANG_WARN_ENUM_CONVERSION = YES;
				CLANG_WARN_INFINITE_RECURSION = YES;
				CLANG_WARN_INT_CONVERSION = YES;
				CLANG_WARN_NON_LITERAL_NULL_CONVERSION = YES;
				CLANG_WARN_OBJC_IMPLICIT_RETAIN_SELF = YES;
				CLANG_WARN_OBJC_LITERAL_CONVERSION = YES;
				CLANG_WARN_OBJC_ROOT_CLASS = YES_ERROR;
				CLANG_WARN_QUOTED_INCLUDE_IN_FRAMEWORK_HEADER = YES;
				CLANG_WARN_RANGE_LOOP_ANALYSIS = YES;
				CLANG_WARN_STRICT_PROTOTYPES = YES;
				CLANG_WARN_SUSPICIOUS_MOVE = YES;
				CLANG_WARN_UNGUARDED_AVAILABILITY = YES_AGGRESSIVE;
				CLANG_WARN_UNREACHABLE_CODE = YES;
				CLANG_WARN__DUPLICATE_METHOD_MATCH = YES;
				COPY_PHASE_STRIP = NO;
				DEBUG_INFORMATION_FORMAT = "dwarf-with-dsym";
				ENABLE_NS_ASSERTIONS = NO;
				ENABLE_STRICT_OBJC_MSGSEND = YES;
				GCC_C_LANGUAGE_STANDARD = gnu11;
				GCC_NO_COMMON_BLOCKS = YES;
				GCC_WARN_64_TO_32_BIT_CONVERSION = YES;
				GCC_WARN_ABOUT_RETURN_TYPE = YES_ERROR;
				GCC_WARN_UNDECLARED_SELECTOR = YES;
				GCC_WARN_UNINITIALIZED_AUTOS = YES_AGGRESSIVE;
				GCC_WARN_UNUSED_FUNCTION = YES;
				GCC_WARN_UNUSED_VARIABLE = YES;
				IPHONEOS_DEPLOYMENT_TARGET = 15.5;
				MTL_ENABLE_DEBUG_INFO = NO;
				MTL_FAST_MATH = YES;
				SDKROOT = iphoneos;
				SWIFT_COMPILATION_MODE = wholemodule;
				SWIFT_OPTIMIZATION_LEVEL = "-O";
				VALIDATE_PRODUCT = YES;
			};
			name = Release;
		};
		1361824928BD98360092E2B2 /* Debug */ = {
			isa = XCBuildConfiguration;
			buildSettings = {
				ASSETCATALOG_COMPILER_APPICON_NAME = AppIcon;
				ASSETCATALOG_COMPILER_GLOBAL_ACCENT_COLOR_NAME = AccentColor;
				CODE_SIGN_STYLE = Automatic;
				CURRENT_PROJECT_VERSION = 1;
				DEVELOPMENT_TEAM = 6MAMRTYNNH;
				GENERATE_INFOPLIST_FILE = YES;
				INFOPLIST_FILE = udderr/Info.plist;
				INFOPLIST_KEY_UIApplicationSupportsIndirectInputEvents = YES;
				INFOPLIST_KEY_UILaunchStoryboardName = LaunchScreen;
				INFOPLIST_KEY_UIMainStoryboardFile = Main;
				INFOPLIST_KEY_UISupportedInterfaceOrientations_iPad = "UIInterfaceOrientationPortrait UIInterfaceOrientationPortraitUpsideDown UIInterfaceOrientationLandscapeLeft UIInterfaceOrientationLandscapeRight";
				INFOPLIST_KEY_UISupportedInterfaceOrientations_iPhone = "UIInterfaceOrientationPortrait UIInterfaceOrientationLandscapeLeft UIInterfaceOrientationLandscapeRight";
				LD_RUNPATH_SEARCH_PATHS = (
					"$(inherited)",
					"@executable_path/Frameworks",
				);
				MARKETING_VERSION = 1.0;
				PRODUCT_BUNDLE_IDENTIFIER = "chao-yu.udderr";
				PRODUCT_NAME = "$(TARGET_NAME)";
				SWIFT_EMIT_LOC_STRINGS = YES;
				SWIFT_VERSION = 5.0;
				TARGETED_DEVICE_FAMILY = "1,2";
			};
			name = Debug;
		};
		1361824A28BD98360092E2B2 /* Release */ = {
			isa = XCBuildConfiguration;
			buildSettings = {
				ASSETCATALOG_COMPILER_APPICON_NAME = AppIcon;
				ASSETCATALOG_COMPILER_GLOBAL_ACCENT_COLOR_NAME = AccentColor;
				CODE_SIGN_STYLE = Automatic;
				CURRENT_PROJECT_VERSION = 1;
				DEVELOPMENT_TEAM = 6MAMRTYNNH;
				GENERATE_INFOPLIST_FILE = YES;
				INFOPLIST_FILE = udderr/Info.plist;
				INFOPLIST_KEY_UIApplicationSupportsIndirectInputEvents = YES;
				INFOPLIST_KEY_UILaunchStoryboardName = LaunchScreen;
				INFOPLIST_KEY_UIMainStoryboardFile = Main;
				INFOPLIST_KEY_UISupportedInterfaceOrientations_iPad = "UIInterfaceOrientationPortrait UIInterfaceOrientationPortraitUpsideDown UIInterfaceOrientationLandscapeLeft UIInterfaceOrientationLandscapeRight";
				INFOPLIST_KEY_UISupportedInterfaceOrientations_iPhone = "UIInterfaceOrientationPortrait UIInterfaceOrientationLandscapeLeft UIInterfaceOrientationLandscapeRight";
				LD_RUNPATH_SEARCH_PATHS = (
					"$(inherited)",
					"@executable_path/Frameworks",
				);
				MARKETING_VERSION = 1.0;
				PRODUCT_BUNDLE_IDENTIFIER = "chao-yu.udderr";
				PRODUCT_NAME = "$(TARGET_NAME)";
				SWIFT_EMIT_LOC_STRINGS = YES;
				SWIFT_VERSION = 5.0;
				TARGETED_DEVICE_FAMILY = "1,2";
			};
			name = Release;
		};
		1361824C28BD98360092E2B2 /* Debug */ = {
			isa = XCBuildConfiguration;
			buildSettings = {
				ALWAYS_EMBED_SWIFT_STANDARD_LIBRARIES = YES;
				BUNDLE_LOADER = "$(TEST_HOST)";
				CODE_SIGN_STYLE = Automatic;
				CURRENT_PROJECT_VERSION = 1;
				DEVELOPMENT_TEAM = 6MAMRTYNNH;
				GENERATE_INFOPLIST_FILE = YES;
				IPHONEOS_DEPLOYMENT_TARGET = 15.5;
				MARKETING_VERSION = 1.0;
				PRODUCT_BUNDLE_IDENTIFIER = "chao-yu.udderrTests";
				PRODUCT_NAME = "$(TARGET_NAME)";
				SWIFT_EMIT_LOC_STRINGS = NO;
				SWIFT_VERSION = 5.0;
				TARGETED_DEVICE_FAMILY = "1,2";
				TEST_HOST = "$(BUILT_PRODUCTS_DIR)/udderr.app/udderr";
			};
			name = Debug;
		};
		1361824D28BD98360092E2B2 /* Release */ = {
			isa = XCBuildConfiguration;
			buildSettings = {
				ALWAYS_EMBED_SWIFT_STANDARD_LIBRARIES = YES;
				BUNDLE_LOADER = "$(TEST_HOST)";
				CODE_SIGN_STYLE = Automatic;
				CURRENT_PROJECT_VERSION = 1;
				DEVELOPMENT_TEAM = 6MAMRTYNNH;
				GENERATE_INFOPLIST_FILE = YES;
				IPHONEOS_DEPLOYMENT_TARGET = 15.5;
				MARKETING_VERSION = 1.0;
				PRODUCT_BUNDLE_IDENTIFIER = "chao-yu.udderrTests";
				PRODUCT_NAME = "$(TARGET_NAME)";
				SWIFT_EMIT_LOC_STRINGS = NO;
				SWIFT_VERSION = 5.0;
				TARGETED_DEVICE_FAMILY = "1,2";
				TEST_HOST = "$(BUILT_PRODUCTS_DIR)/udderr.app/udderr";
			};
			name = Release;
		};
		1361824F28BD98360092E2B2 /* Debug */ = {
			isa = XCBuildConfiguration;
			buildSettings = {
				ALWAYS_EMBED_SWIFT_STANDARD_LIBRARIES = YES;
				CODE_SIGN_STYLE = Automatic;
				CURRENT_PROJECT_VERSION = 1;
				DEVELOPMENT_TEAM = 6MAMRTYNNH;
				GENERATE_INFOPLIST_FILE = YES;
				MARKETING_VERSION = 1.0;
				PRODUCT_BUNDLE_IDENTIFIER = "chao-yu.udderrUITests";
				PRODUCT_NAME = "$(TARGET_NAME)";
				SWIFT_EMIT_LOC_STRINGS = NO;
				SWIFT_VERSION = 5.0;
				TARGETED_DEVICE_FAMILY = "1,2";
				TEST_TARGET_NAME = udderr;
			};
			name = Debug;
		};
		1361825028BD98360092E2B2 /* Release */ = {
			isa = XCBuildConfiguration;
			buildSettings = {
				ALWAYS_EMBED_SWIFT_STANDARD_LIBRARIES = YES;
				CODE_SIGN_STYLE = Automatic;
				CURRENT_PROJECT_VERSION = 1;
				DEVELOPMENT_TEAM = 6MAMRTYNNH;
				GENERATE_INFOPLIST_FILE = YES;
				MARKETING_VERSION = 1.0;
				PRODUCT_BUNDLE_IDENTIFIER = "chao-yu.udderrUITests";
				PRODUCT_NAME = "$(TARGET_NAME)";
				SWIFT_EMIT_LOC_STRINGS = NO;
				SWIFT_VERSION = 5.0;
				TARGETED_DEVICE_FAMILY = "1,2";
				TEST_TARGET_NAME = udderr;
			};
			name = Release;
		};
/* End XCBuildConfiguration section */

/* Begin XCConfigurationList section */
		1361821928BD98350092E2B2 /* Build configuration list for PBXProject "udderr" */ = {
			isa = XCConfigurationList;
			buildConfigurations = (
				1361824628BD98360092E2B2 /* Debug */,
				1361824728BD98360092E2B2 /* Release */,
			);
			defaultConfigurationIsVisible = 0;
			defaultConfigurationName = Release;
		};
		1361824828BD98360092E2B2 /* Build configuration list for PBXNativeTarget "udderr" */ = {
			isa = XCConfigurationList;
			buildConfigurations = (
				1361824928BD98360092E2B2 /* Debug */,
				1361824A28BD98360092E2B2 /* Release */,
			);
			defaultConfigurationIsVisible = 0;
			defaultConfigurationName = Release;
		};
		1361824B28BD98360092E2B2 /* Build configuration list for PBXNativeTarget "udderrTests" */ = {
			isa = XCConfigurationList;
			buildConfigurations = (
				1361824C28BD98360092E2B2 /* Debug */,
				1361824D28BD98360092E2B2 /* Release */,
			);
			defaultConfigurationIsVisible = 0;
			defaultConfigurationName = Release;
		};
		1361824E28BD98360092E2B2 /* Build configuration list for PBXNativeTarget "udderrUITests" */ = {
			isa = XCConfigurationList;
			buildConfigurations = (
				1361824F28BD98360092E2B2 /* Debug */,
				1361825028BD98360092E2B2 /* Release */,
			);
			defaultConfigurationIsVisible = 0;
			defaultConfigurationName = Release;
		};
/* End XCConfigurationList section */
	};
	rootObject = 1361821628BD98350092E2B2 /* Project object */;
}
